
Microsoft Visual Studio Solution File, Format Version 12.00
# Visual Studio Version 17
VisualStudioVersion = 17.2.32505.173
MinimumVisualStudioVersion = 10.0.40219.1
Project("{2150E333-8FDC-42A3-9474-1A3956D46DE8}") = "Framework", "Framework", "{812612DC-BB1E-4123-BF66-A74CC46FDBF0}"
EndProject
Project("{2150E333-8FDC-42A3-9474-1A3956D46DE8}") = "Services", "Services", "{0487F552-3CA4-4158-A242-000638DCACE6}"
EndProject
Project("{9A19103F-16F7-4668-BE54-9A1E7A4F7556}") = "ZyGame", "ZyGame\ZyGame.csproj", "{0B1BFD91-9444-4D62-9ED9-D2D1D3235D63}"
EndProject
Project("{9A19103F-16F7-4668-BE54-9A1E7A4F7556}") = "WebServer", "WebServer\WebServer.csproj", "{CBDA339B-E0D6-4804-85FB-755B66B15C16}"
EndProject
Global
	GlobalSection(SolutionConfigurationPlatforms) = preSolution
		Debug|Any CPU = Debug|Any CPU
		Release|Any CPU = Release|Any CPU
	EndGlobalSection
	GlobalSection(ProjectConfigurationPlatforms) = postSolution
		{0B1BFD91-9444-4D62-9ED9-D2D1D3235D63}.Debug|Any CPU.ActiveCfg = Debug|Any CPU
		{0B1BFD91-9444-4D62-9ED9-D2D1D3235D63}.Debug|Any CPU.Build.0 = Debug|Any CPU
		{0B1BFD91-9444-4D62-9ED9-D2D1D3235D63}.Release|Any CPU.ActiveCfg = Release|Any CPU
		{0B1BFD91-9444-4D62-9ED9-D2D1D3235D63}.Release|Any CPU.Build.0 = Release|Any CPU
		{CBDA339B-E0D6-4804-85FB-755B66B15C16}.Debug|Any CPU.ActiveCfg = Debug|Any CPU
		{CBDA339B-E0D6-4804-85FB-755B66B15C16}.Debug|Any CPU.Build.0 = Debug|Any CPU
		{CBDA339B-E0D6-4804-85FB-755B66B15C16}.Release|Any CPU.ActiveCfg = Release|Any CPU
		{CBDA339B-E0D6-4804-85FB-755B66B15C16}.Release|Any CPU.Build.0 = Release|Any CPU
	EndGlobalSection
	GlobalSection(SolutionProperties) = preSolution
		HideSolutionNode = FALSE
	EndGlobalSection
	GlobalSection(NestedProjects) = preSolution
		{0B1BFD91-9444-4D62-9ED9-D2D1D3235D63} = {812612DC-BB1E-4123-BF66-A74CC46FDBF0}
		{CBDA339B-E0D6-4804-85FB-755B66B15C16} = {0487F552-3CA4-4158-A242-000638DCACE6}
	EndGlobalSection
	GlobalSection(ExtensibilityGlobals) = postSolution
		SolutionGuid = {045F3B88-083F-499B-94C3-D27D0A5921C2}
	EndGlobalSection
EndGlobal
